PODS:
  - DACircularProgress (2.3.0)
  - MBProgressHUD (1.1.0)
  - MWPhotoBrowser (2.1.2):
    - DACircularProgress (= 2.3)
    - MBProgressHUD (= 1.1.0)
    - SDWebImage (= 5.2.5)
  - SDWebImage (5.2.5):
    - SDWebImage/Core (= 5.2.5)
  - SDWebImage/Core (5.2.5)

DEPENDENCIES:
  - DACircularProgress (= 2.3)
  - MBProgressHUD (= 1.1.0)
  - MWPhotoBrowser (from `../`)
  - SDWebImage (= 5.2.5)

SPEC REPOS:
  https://github.com/CocoaPods/Specs.git:
    - DACircularProgress
    - MBProgressHUD
    - SDWebImage

EXTERNAL SOURCES:
  MWPhotoBrowser:
    :path: "../"

SPEC CHECKSUMS:
  DACircularProgress: 8e286f8d57a7ad279dee1ba75dbe401d46441838
  MBProgressHUD: e7baa36a220447d8aeb12769bf0585582f3866d9
  MWPhotoBrowser: b66c898a797bca4a7b7f2858c1d2e6d1047b7d09
  SDWebImage: 4eabf2fa6695c95c47724214417a9c036c965e4a

PODFILE CHECKSUM: cddd2e7084f81910ff8dad3b7854ef60587436e6

COCOAPODS: 1.8.4
